
Microsoft Visual Studio Solution File, Format Version 12.00
# Visual Studio Version 16
VisualStudioVersion = 16.0.32413.511
MinimumVisualStudioVersion = 10.0.40219.1
Project("{FAE04EC0-301F-11D3-BF4B-00C04F79EFBC}") = "CRUDUsingDapperFramework", "WebApplication3\CRUDUsingDapperFramework.csproj", "{2929363A-A0CC-4489-8829-7A588769A0B1}"
EndProject
Global
	GlobalSection(SolutionConfigurationPlatforms) = preSolution
		Debug|Any CPU = Debug|Any CPU
		Release|Any CPU = Release|Any CPU
	EndGlobalSection
	GlobalSection(ProjectConfigurationPlatforms) = postSolution
		{2929363A-A0CC-4489-8829-7A588769A0B1}.Debug|Any CPU.ActiveCfg = Debug|Any CPU
		{2929363A-A0CC-4489-8829-7A588769A0B1}.Debug|Any CPU.Build.0 = Debug|Any CPU
		{2929363A-A0CC-4489-8829-7A588769A0B1}.Release|Any CPU.ActiveCfg = Release|Any CPU
		{2929363A-A0CC-4489-8829-7A588769A0B1}.Release|Any CPU.Build.0 = Release|Any CPU
	EndGlobalSection
	GlobalSection(SolutionProperties) = preSolution
		HideSolutionNode = FALSE
	EndGlobalSection
	GlobalSection(ExtensibilityGlobals) = postSolution
		SolutionGuid = {6A722171-A772-4C48-A181-75AD608981F4}
	EndGlobalSection
EndGlobal
